
Microsoft Visual Studio Solution File, Format Version 12.00
# Visual Studio 15
VisualStudioVersion = 15.0.26430.14
MinimumVisualStudioVersion = 10.0.40219.1
Project("{FAE04EC0-301F-11D3-BF4B-00C04F79EFBC}") = "Isaris", "Isaris\Isaris.csproj", "{E71BA746-D7F6-497C-BE66-B321723F3727}"
	ProjectSection(ProjectDependencies) = postProject
		{17064E7B-3CCC-4130-83CE-8A66D0E800B4} = {17064E7B-3CCC-4130-83CE-8A66D0E800B4}
		{8D25CD98-D4BF-49D0-8E4B-DDA830B45D6B} = {8D25CD98-D4BF-49D0-8E4B-DDA830B45D6B}
	EndProjectSection
EndProject
Project("{FAE04EC0-301F-11D3-BF4B-00C04F79EFBC}") = "Isaris.BusinessLayer", "Isaris.BusinessLayer\Isaris.BusinessLayer.csproj", "{17064E7B-3CCC-4130-83CE-8A66D0E800B4}"
	ProjectSection(ProjectDependencies) = postProject
		{7397C54A-74B2-4B3A-AE31-F31AF244A12B} = {7397C54A-74B2-4B3A-AE31-F31AF244A12B}
		{8D25CD98-D4BF-49D0-8E4B-DDA830B45D6B} = {8D25CD98-D4BF-49D0-8E4B-DDA830B45D6B}
	EndProjectSection
EndProject
Project("{FAE04EC0-301F-11D3-BF4B-00C04F79EFBC}") = "Isaris.DataAccess", "Isaris.DataAccess\Isaris.DataAccess.csproj", "{7397C54A-74B2-4B3A-AE31-F31AF244A12B}"
	ProjectSection(ProjectDependencies) = postProject
		{8D25CD98-D4BF-49D0-8E4B-DDA830B45D6B} = {8D25CD98-D4BF-49D0-8E4B-DDA830B45D6B}
	EndProjectSection
EndProject
Project("{FAE04EC0-301F-11D3-BF4B-00C04F79EFBC}") = "Isaris.Entities", "Isaris.Entities\Isaris.Entities.csproj", "{8D25CD98-D4BF-49D0-8E4B-DDA830B45D6B}"
EndProject
Project("{FAE04EC0-301F-11D3-BF4B-00C04F79EFBC}") = "Isaris.Report", "Isaris.Report\Isaris.Report.csproj", "{E4D7262C-C71C-496F-85D7-5E8100981839}"
EndProject
Global
	GlobalSection(SolutionConfigurationPlatforms) = preSolution
		Debug|Any CPU = Debug|Any CPU
		Release|Any CPU = Release|Any CPU
	EndGlobalSection
	GlobalSection(ProjectConfigurationPlatforms) = postSolution
		{E71BA746-D7F6-497C-BE66-B321723F3727}.Debug|Any CPU.ActiveCfg = Debug|Any CPU
		{E71BA746-D7F6-497C-BE66-B321723F3727}.Debug|Any CPU.Build.0 = Debug|Any CPU
		{E71BA746-D7F6-497C-BE66-B321723F3727}.Release|Any CPU.ActiveCfg = Release|Any CPU
		{E71BA746-D7F6-497C-BE66-B321723F3727}.Release|Any CPU.Build.0 = Release|Any CPU
		{17064E7B-3CCC-4130-83CE-8A66D0E800B4}.Debug|Any CPU.ActiveCfg = Debug|Any CPU
		{17064E7B-3CCC-4130-83CE-8A66D0E800B4}.Debug|Any CPU.Build.0 = Debug|Any CPU
		{17064E7B-3CCC-4130-83CE-8A66D0E800B4}.Release|Any CPU.ActiveCfg = Release|Any CPU
		{17064E7B-3CCC-4130-83CE-8A66D0E800B4}.Release|Any CPU.Build.0 = Release|Any CPU
		{7397C54A-74B2-4B3A-AE31-F31AF244A12B}.Debug|Any CPU.ActiveCfg = Debug|Any CPU
		{7397C54A-74B2-4B3A-AE31-F31AF244A12B}.Debug|Any CPU.Build.0 = Debug|Any CPU
		{7397C54A-74B2-4B3A-AE31-F31AF244A12B}.Release|Any CPU.ActiveCfg = Release|Any CPU
		{7397C54A-74B2-4B3A-AE31-F31AF244A12B}.Release|Any CPU.Build.0 = Release|Any CPU
		{8D25CD98-D4BF-49D0-8E4B-DDA830B45D6B}.Debug|Any CPU.ActiveCfg = Debug|Any CPU
		{8D25CD98-D4BF-49D0-8E4B-DDA830B45D6B}.Debug|Any CPU.Build.0 = Debug|Any CPU
		{8D25CD98-D4BF-49D0-8E4B-DDA830B45D6B}.Release|Any CPU.ActiveCfg = Release|Any CPU
		{8D25CD98-D4BF-49D0-8E4B-DDA830B45D6B}.Release|Any CPU.Build.0 = Release|Any CPU
		{E4D7262C-C71C-496F-85D7-5E8100981839}.Debug|Any CPU.ActiveCfg = Debug|Any CPU
		{E4D7262C-C71C-496F-85D7-5E8100981839}.Debug|Any CPU.Build.0 = Debug|Any CPU
		{E4D7262C-C71C-496F-85D7-5E8100981839}.Release|Any CPU.ActiveCfg = Release|Any CPU
		{E4D7262C-C71C-496F-85D7-5E8100981839}.Release|Any CPU.Build.0 = Release|Any CPU
	EndGlobalSection
	GlobalSection(SolutionProperties) = preSolution
		HideSolutionNode = FALSE
	EndGlobalSection
EndGlobal
